
Microsoft Visual Studio Solution File, Format Version 12.00
# Visual Studio Version 17
VisualStudioVersion = 17.10.35122.118
MinimumVisualStudioVersion = 10.0.40219.1
Project("{FAE04EC0-301F-11D3-BF4B-00C04F79EFBC}") = "TelerikReportingFramework", "TelerikReportingFramework\TelerikReportingFramework.csproj", "{B2CF891A-E81E-4D55-8A96-21395421F005}"
EndProject
Global
	GlobalSection(SolutionConfigurationPlatforms) = preSolution
		Debug|Any CPU = Debug|Any CPU
		Release|Any CPU = Release|Any CPU
	EndGlobalSection
	GlobalSection(ProjectConfigurationPlatforms) = postSolution
		{B2CF891A-E81E-4D55-8A96-21395421F005}.Debug|Any CPU.ActiveCfg = Debug|Any CPU
		{B2CF891A-E81E-4D55-8A96-21395421F005}.Debug|Any CPU.Build.0 = Debug|Any CPU
		{B2CF891A-E81E-4D55-8A96-21395421F005}.Release|Any CPU.ActiveCfg = Release|Any CPU
		{B2CF891A-E81E-4D55-8A96-21395421F005}.Release|Any CPU.Build.0 = Release|Any CPU
	EndGlobalSection
	GlobalSection(SolutionProperties) = preSolution
		HideSolutionNode = FALSE
	EndGlobalSection
	GlobalSection(ExtensibilityGlobals) = postSolution
		SolutionGuid = {2BE666D2-A833-47F2-8EBA-88B563A96679}
	EndGlobalSection
EndGlobal
